
Microsoft Visual Studio Solution File, Format Version 12.00
# Visual Studio Version 16
VisualStudioVersion = 16.0.30611.23
MinimumVisualStudioVersion = 10.0.40219.1
Project("{FAE04EC0-301F-11D3-BF4B-00C04F79EFBC}") = "P8_5_Operaciones(Do-While)", "P8_5_Operaciones(Do-While)\P8_5_Operaciones(Do-While).csproj", "{D9BB86AB-B142-4C07-9B39-0F97E2C0C121}"
EndProject
Global
	GlobalSection(SolutionConfigurationPlatforms) = preSolution
		Debug|Any CPU = Debug|Any CPU
		Release|Any CPU = Release|Any CPU
	EndGlobalSection
	GlobalSection(ProjectConfigurationPlatforms) = postSolution
		{D9BB86AB-B142-4C07-9B39-0F97E2C0C121}.Debug|Any CPU.ActiveCfg = Debug|Any CPU
		{D9BB86AB-B142-4C07-9B39-0F97E2C0C121}.Debug|Any CPU.Build.0 = Debug|Any CPU
		{D9BB86AB-B142-4C07-9B39-0F97E2C0C121}.Release|Any CPU.ActiveCfg = Release|Any CPU
		{D9BB86AB-B142-4C07-9B39-0F97E2C0C121}.Release|Any CPU.Build.0 = Release|Any CPU
	EndGlobalSection
	GlobalSection(SolutionProperties) = preSolution
		HideSolutionNode = FALSE
	EndGlobalSection
	GlobalSection(ExtensibilityGlobals) = postSolution
		SolutionGuid = {21E8A0C2-0AFF-4BA1-BA74-028F23A56C7A}
	EndGlobalSection
EndGlobal
