
Microsoft Visual Studio Solution File, Format Version 12.00
# Visual Studio Version 16
VisualStudioVersion = 16.0.30611.23
MinimumVisualStudioVersion = 10.0.40219.1
Project("{FAE04EC0-301F-11D3-BF4B-00C04F79EFBC}") = "P7_1_Programas selectivos", "P7_1_Programas selectivos\P7_1_Programas selectivos.csproj", "{8C0B799C-6D77-4D19-8EB1-47341C961497}"
EndProject
Global
	GlobalSection(SolutionConfigurationPlatforms) = preSolution
		Debug|Any CPU = Debug|Any CPU
		Release|Any CPU = Release|Any CPU
	EndGlobalSection
	GlobalSection(ProjectConfigurationPlatforms) = postSolution
		{8C0B799C-6D77-4D19-8EB1-47341C961497}.Debug|Any CPU.ActiveCfg = Debug|Any CPU
		{8C0B799C-6D77-4D19-8EB1-47341C961497}.Debug|Any CPU.Build.0 = Debug|Any CPU
		{8C0B799C-6D77-4D19-8EB1-47341C961497}.Release|Any CPU.ActiveCfg = Release|Any CPU
		{8C0B799C-6D77-4D19-8EB1-47341C961497}.Release|Any CPU.Build.0 = Release|Any CPU
	EndGlobalSection
	GlobalSection(SolutionProperties) = preSolution
		HideSolutionNode = FALSE
	EndGlobalSection
	GlobalSection(ExtensibilityGlobals) = postSolution
		SolutionGuid = {E367FF45-B9B9-45B9-83B9-46AFABD652AF}
	EndGlobalSection
EndGlobal
