
Microsoft Visual Studio Solution File, Format Version 12.00
# Visual Studio Version 16
VisualStudioVersion = 16.0.30611.23
MinimumVisualStudioVersion = 10.0.40219.1
Project("{FAE04EC0-301F-11D3-BF4B-00C04F79EFBC}") = "matrices bidimensionales 3", "matrices bidimensionales 3\matrices bidimensionales 3.csproj", "{E6CD4371-FE34-4BA7-B148-EABE96B8E5C0}"
EndProject
Global
	GlobalSection(SolutionConfigurationPlatforms) = preSolution
		Debug|Any CPU = Debug|Any CPU
		Release|Any CPU = Release|Any CPU
	EndGlobalSection
	GlobalSection(ProjectConfigurationPlatforms) = postSolution
		{E6CD4371-FE34-4BA7-B148-EABE96B8E5C0}.Debug|Any CPU.ActiveCfg = Debug|Any CPU
		{E6CD4371-FE34-4BA7-B148-EABE96B8E5C0}.Debug|Any CPU.Build.0 = Debug|Any CPU
		{E6CD4371-FE34-4BA7-B148-EABE96B8E5C0}.Release|Any CPU.ActiveCfg = Release|Any CPU
		{E6CD4371-FE34-4BA7-B148-EABE96B8E5C0}.Release|Any CPU.Build.0 = Release|Any CPU
	EndGlobalSection
	GlobalSection(SolutionProperties) = preSolution
		HideSolutionNode = FALSE
	EndGlobalSection
	GlobalSection(ExtensibilityGlobals) = postSolution
		SolutionGuid = {011B9829-8696-485A-85D9-21412B2F2EC7}
	EndGlobalSection
EndGlobal
