
Microsoft Visual Studio Solution File, Format Version 12.00
# Visual Studio Version 16
VisualStudioVersion = 16.0.30611.23
MinimumVisualStudioVersion = 10.0.40219.1
Project("{FAE04EC0-301F-11D3-BF4B-00C04F79EFBC}") = "ConsoleApp3", "ConsoleApp3\ConsoleApp3.csproj", "{EC2A6554-B0D6-4DB5-8115-03569DF619DD}"
EndProject
Global
	GlobalSection(SolutionConfigurationPlatforms) = preSolution
		Debug|Any CPU = Debug|Any CPU
		Release|Any CPU = Release|Any CPU
	EndGlobalSection
	GlobalSection(ProjectConfigurationPlatforms) = postSolution
		{EC2A6554-B0D6-4DB5-8115-03569DF619DD}.Debug|Any CPU.ActiveCfg = Debug|Any CPU
		{EC2A6554-B0D6-4DB5-8115-03569DF619DD}.Debug|Any CPU.Build.0 = Debug|Any CPU
		{EC2A6554-B0D6-4DB5-8115-03569DF619DD}.Release|Any CPU.ActiveCfg = Release|Any CPU
		{EC2A6554-B0D6-4DB5-8115-03569DF619DD}.Release|Any CPU.Build.0 = Release|Any CPU
	EndGlobalSection
	GlobalSection(SolutionProperties) = preSolution
		HideSolutionNode = FALSE
	EndGlobalSection
	GlobalSection(ExtensibilityGlobals) = postSolution
		SolutionGuid = {DC9AC6F3-8AD3-4F7F-BA39-1DD533C75CCA}
	EndGlobalSection
EndGlobal
