
Microsoft Visual Studio Solution File, Format Version 12.00
# Visual Studio Version 16
VisualStudioVersion = 16.0.30611.23
MinimumVisualStudioVersion = 10.0.40219.1
Project("{FAE04EC0-301F-11D3-BF4B-00C04F79EFBC}") = "P6_1 Suma de dos números", "P6_1 Suma de dos números\P6_1 Suma de dos números.csproj", "{9E0D61C2-7E89-43C9-AA5D-79B91A29B86B}"
EndProject
Global
	GlobalSection(SolutionConfigurationPlatforms) = preSolution
		Debug|Any CPU = Debug|Any CPU
		Release|Any CPU = Release|Any CPU
	EndGlobalSection
	GlobalSection(ProjectConfigurationPlatforms) = postSolution
		{9E0D61C2-7E89-43C9-AA5D-79B91A29B86B}.Debug|Any CPU.ActiveCfg = Debug|Any CPU
		{9E0D61C2-7E89-43C9-AA5D-79B91A29B86B}.Debug|Any CPU.Build.0 = Debug|Any CPU
		{9E0D61C2-7E89-43C9-AA5D-79B91A29B86B}.Release|Any CPU.ActiveCfg = Release|Any CPU
		{9E0D61C2-7E89-43C9-AA5D-79B91A29B86B}.Release|Any CPU.Build.0 = Release|Any CPU
	EndGlobalSection
	GlobalSection(SolutionProperties) = preSolution
		HideSolutionNode = FALSE
	EndGlobalSection
	GlobalSection(ExtensibilityGlobals) = postSolution
		SolutionGuid = {478AA032-D18E-483A-81A6-472753C2CF55}
	EndGlobalSection
EndGlobal
