
Microsoft Visual Studio Solution File, Format Version 12.00
# Visual Studio Version 16
VisualStudioVersion = 16.0.30611.23
MinimumVisualStudioVersion = 10.0.40219.1
Project("{FAE04EC0-301F-11D3-BF4B-00C04F79EFBC}") = "Actividad_Reforzamiento_PalacioMartinez", "Actividad_Reforzamiento_PalacioMartinez\Actividad_Reforzamiento_PalacioMartinez.csproj", "{D6062042-40DD-416A-89F5-34D55A78EFE0}"
EndProject
Global
	GlobalSection(SolutionConfigurationPlatforms) = preSolution
		Debug|Any CPU = Debug|Any CPU
		Release|Any CPU = Release|Any CPU
	EndGlobalSection
	GlobalSection(ProjectConfigurationPlatforms) = postSolution
		{D6062042-40DD-416A-89F5-34D55A78EFE0}.Debug|Any CPU.ActiveCfg = Debug|Any CPU
		{D6062042-40DD-416A-89F5-34D55A78EFE0}.Debug|Any CPU.Build.0 = Debug|Any CPU
		{D6062042-40DD-416A-89F5-34D55A78EFE0}.Release|Any CPU.ActiveCfg = Release|Any CPU
		{D6062042-40DD-416A-89F5-34D55A78EFE0}.Release|Any CPU.Build.0 = Release|Any CPU
	EndGlobalSection
	GlobalSection(SolutionProperties) = preSolution
		HideSolutionNode = FALSE
	EndGlobalSection
	GlobalSection(ExtensibilityGlobals) = postSolution
		SolutionGuid = {AF260D29-8125-4BE9-A0D1-E384E9F53934}
	EndGlobalSection
EndGlobal
