
Microsoft Visual Studio Solution File, Format Version 12.00
# Visual Studio Version 16
VisualStudioVersion = 16.0.30611.23
MinimumVisualStudioVersion = 10.0.40219.1
Project("{FAE04EC0-301F-11D3-BF4B-00C04F79EFBC}") = "P6_3 Calcular sueldo de dias trabajados y sueldo diario", "P6_3 Calcular sueldo de dias trabajados y sueldo diario\P6_3 Calcular sueldo de dias trabajados y sueldo diario.csproj", "{C086711E-FE29-4BA7-B171-18D92E4A4107}"
EndProject
Global
	GlobalSection(SolutionConfigurationPlatforms) = preSolution
		Debug|Any CPU = Debug|Any CPU
		Release|Any CPU = Release|Any CPU
	EndGlobalSection
	GlobalSection(ProjectConfigurationPlatforms) = postSolution
		{C086711E-FE29-4BA7-B171-18D92E4A4107}.Debug|Any CPU.ActiveCfg = Debug|Any CPU
		{C086711E-FE29-4BA7-B171-18D92E4A4107}.Debug|Any CPU.Build.0 = Debug|Any CPU
		{C086711E-FE29-4BA7-B171-18D92E4A4107}.Release|Any CPU.ActiveCfg = Release|Any CPU
		{C086711E-FE29-4BA7-B171-18D92E4A4107}.Release|Any CPU.Build.0 = Release|Any CPU
	EndGlobalSection
	GlobalSection(SolutionProperties) = preSolution
		HideSolutionNode = FALSE
	EndGlobalSection
	GlobalSection(ExtensibilityGlobals) = postSolution
		SolutionGuid = {61EEBD76-F056-4102-BAB2-ECD22B4165DE}
	EndGlobalSection
EndGlobal
