
Microsoft Visual Studio Solution File, Format Version 12.00
# Visual Studio Version 16
VisualStudioVersion = 16.0.30611.23
MinimumVisualStudioVersion = 10.0.40219.1
Project("{FAE04EC0-301F-11D3-BF4B-00C04F79EFBC}") = "P8_4_ProgramaSueldos(Do-While)", "P8_4_ProgramaSueldos(Do-While)\P8_4_ProgramaSueldos(Do-While).csproj", "{EB86BFA8-C081-45E4-9610-CE9EACD52FDB}"
EndProject
Global
	GlobalSection(SolutionConfigurationPlatforms) = preSolution
		Debug|Any CPU = Debug|Any CPU
		Release|Any CPU = Release|Any CPU
	EndGlobalSection
	GlobalSection(ProjectConfigurationPlatforms) = postSolution
		{EB86BFA8-C081-45E4-9610-CE9EACD52FDB}.Debug|Any CPU.ActiveCfg = Debug|Any CPU
		{EB86BFA8-C081-45E4-9610-CE9EACD52FDB}.Debug|Any CPU.Build.0 = Debug|Any CPU
		{EB86BFA8-C081-45E4-9610-CE9EACD52FDB}.Release|Any CPU.ActiveCfg = Release|Any CPU
		{EB86BFA8-C081-45E4-9610-CE9EACD52FDB}.Release|Any CPU.Build.0 = Release|Any CPU
	EndGlobalSection
	GlobalSection(SolutionProperties) = preSolution
		HideSolutionNode = FALSE
	EndGlobalSection
	GlobalSection(ExtensibilityGlobals) = postSolution
		SolutionGuid = {8EEBA296-ADB7-4211-8458-CD8DD21D5E9D}
	EndGlobalSection
EndGlobal
